
Microsoft Visual Studio Solution File, Format Version 12.00
# Visual Studio Version 17
VisualStudioVersion = 17.1.32228.430
MinimumVisualStudioVersion = 10.0.40219.1
Project("{FAE04EC0-301F-11D3-BF4B-00C04F79EFBC}") = "OLD_Verint-Chat_API-Capture", "Verint-Chat_API-Capture\OLD_Verint-Chat_API-Capture.csproj", "{CEFACE22-F900-4944-BB8F-D6721B419343}"
EndProject
Project("{FAE04EC0-301F-11D3-BF4B-00C04F79EFBC}") = "EF_TextCapture Service", "EF_TextCapture Service\EF_TextCapture Service.csproj", "{1FE48A4F-C761-4731-9289-DDE185AB30AA}"
EndProject
Project("{FAE04EC0-301F-11D3-BF4B-00C04F79EFBC}") = "15Mins_Service", "15Mins_Service\15Mins_Service.csproj", "{D087E2C0-0E5F-45C1-9CA1-08AD93BA8489}"
EndProject
Project("{FAE04EC0-301F-11D3-BF4B-00C04F79EFBC}") = "ClrTemp", "ClrTemp\ClrTemp.csproj", "{5E4A78AB-7B5F-4534-93A6-17468B048D53}"
EndProject
Project("{FAE04EC0-301F-11D3-BF4B-00C04F79EFBC}") = "DailyWFM", "DailyWFM\DailyWFM.csproj", "{45CD5E97-F4FC-456A-933D-C47C4C51B5FE}"
EndProject
Global
	GlobalSection(SolutionConfigurationPlatforms) = preSolution
		Debug|Any CPU = Debug|Any CPU
		Release|Any CPU = Release|Any CPU
	EndGlobalSection
	GlobalSection(ProjectConfigurationPlatforms) = postSolution
		{CEFACE22-F900-4944-BB8F-D6721B419343}.Debug|Any CPU.ActiveCfg = Debug|Any CPU
		{CEFACE22-F900-4944-BB8F-D6721B419343}.Debug|Any CPU.Build.0 = Debug|Any CPU
		{CEFACE22-F900-4944-BB8F-D6721B419343}.Release|Any CPU.ActiveCfg = Release|Any CPU
		{CEFACE22-F900-4944-BB8F-D6721B419343}.Release|Any CPU.Build.0 = Release|Any CPU
		{1FE48A4F-C761-4731-9289-DDE185AB30AA}.Debug|Any CPU.ActiveCfg = Debug|Any CPU
		{1FE48A4F-C761-4731-9289-DDE185AB30AA}.Debug|Any CPU.Build.0 = Debug|Any CPU
		{1FE48A4F-C761-4731-9289-DDE185AB30AA}.Release|Any CPU.ActiveCfg = Release|Any CPU
		{1FE48A4F-C761-4731-9289-DDE185AB30AA}.Release|Any CPU.Build.0 = Release|Any CPU
		{D087E2C0-0E5F-45C1-9CA1-08AD93BA8489}.Debug|Any CPU.ActiveCfg = Debug|Any CPU
		{D087E2C0-0E5F-45C1-9CA1-08AD93BA8489}.Debug|Any CPU.Build.0 = Debug|Any CPU
		{D087E2C0-0E5F-45C1-9CA1-08AD93BA8489}.Release|Any CPU.ActiveCfg = Release|Any CPU
		{D087E2C0-0E5F-45C1-9CA1-08AD93BA8489}.Release|Any CPU.Build.0 = Release|Any CPU
		{5E4A78AB-7B5F-4534-93A6-17468B048D53}.Debug|Any CPU.ActiveCfg = Debug|Any CPU
		{5E4A78AB-7B5F-4534-93A6-17468B048D53}.Debug|Any CPU.Build.0 = Debug|Any CPU
		{5E4A78AB-7B5F-4534-93A6-17468B048D53}.Release|Any CPU.ActiveCfg = Release|Any CPU
		{5E4A78AB-7B5F-4534-93A6-17468B048D53}.Release|Any CPU.Build.0 = Release|Any CPU
		{45CD5E97-F4FC-456A-933D-C47C4C51B5FE}.Debug|Any CPU.ActiveCfg = Debug|Any CPU
		{45CD5E97-F4FC-456A-933D-C47C4C51B5FE}.Debug|Any CPU.Build.0 = Debug|Any CPU
		{45CD5E97-F4FC-456A-933D-C47C4C51B5FE}.Release|Any CPU.ActiveCfg = Release|Any CPU
		{45CD5E97-F4FC-456A-933D-C47C4C51B5FE}.Release|Any CPU.Build.0 = Release|Any CPU
	EndGlobalSection
	GlobalSection(SolutionProperties) = preSolution
		HideSolutionNode = FALSE
	EndGlobalSection
	GlobalSection(ExtensibilityGlobals) = postSolution
		SolutionGuid = {5716DC52-30BB-433F-B53F-BB8B127565ED}
	EndGlobalSection
EndGlobal
